
Microsoft Visual Studio Solution File, Format Version 12.00
# Visual Studio Version 16
VisualStudioVersion = 16.0.29519.87
MinimumVisualStudioVersion = 10.0.40219.1
Project("{8BC9CEB8-8B4A-11D0-8D11-00A0C91BC942}") = "SPS Communication", "SPS Communication.vcxproj", "{21B1B8A5-7A79-4680-AABD-567E0AC02282}"
EndProject
Global
	GlobalSection(SolutionConfigurationPlatforms) = preSolution
		Debug|x64 = Debug|x64
		Debug|x86 = Debug|x86
		Release|x64 = Release|x64
		Release|x86 = Release|x86
	EndGlobalSection
	GlobalSection(ProjectConfigurationPlatforms) = postSolution
		{21B1B8A5-7A79-4680-AABD-567E0AC02282}.Debug|x64.ActiveCfg = Debug|x64
		{21B1B8A5-7A79-4680-AABD-567E0AC02282}.Debug|x64.Build.0 = Debug|x64
		{21B1B8A5-7A79-4680-AABD-567E0AC02282}.Debug|x86.ActiveCfg = Debug|Win32
		{21B1B8A5-7A79-4680-AABD-567E0AC02282}.Debug|x86.Build.0 = Debug|Win32
		{21B1B8A5-7A79-4680-AABD-567E0AC02282}.Release|x64.ActiveCfg = Release|x64
		{21B1B8A5-7A79-4680-AABD-567E0AC02282}.Release|x64.Build.0 = Release|x64
		{21B1B8A5-7A79-4680-AABD-567E0AC02282}.Release|x86.ActiveCfg = Release|Win32
		{21B1B8A5-7A79-4680-AABD-567E0AC02282}.Release|x86.Build.0 = Release|Win32
	EndGlobalSection
	GlobalSection(SolutionProperties) = preSolution
		HideSolutionNode = FALSE
	EndGlobalSection
	GlobalSection(ExtensibilityGlobals) = postSolution
		SolutionGuid = {DB697197-D303-4037-92A3-B64504DB20B8}
	EndGlobalSection
EndGlobal
